
Microsoft Visual Studio Solution File, Format Version 12.00
# Visual Studio Version 17
VisualStudioVersion = 17.13.35818.85
MinimumVisualStudioVersion = 10.0.40219.1
Project("{FAE04EC0-301F-11D3-BF4B-00C04F79EFBC}") = "Projet_PSI", "Projet_PSI.csproj", "{81822C7B-8CF3-4776-B347-4193F63B453B}"
EndProject
Project("{FAE04EC0-301F-11D3-BF4B-00C04F79EFBC}") = "TestProject1", "..\TestProject1\TestProject1.csproj", "{F822C803-C5DD-497A-95FD-B97E4B9FE9D4}"
EndProject
Global
	GlobalSection(SolutionConfigurationPlatforms) = preSolution
		Debug|Any CPU = Debug|Any CPU
		Release|Any CPU = Release|Any CPU
	EndGlobalSection
	GlobalSection(ProjectConfigurationPlatforms) = postSolution
		{81822C7B-8CF3-4776-B347-4193F63B453B}.Debug|Any CPU.ActiveCfg = Debug|Any CPU
		{81822C7B-8CF3-4776-B347-4193F63B453B}.Debug|Any CPU.Build.0 = Debug|Any CPU
		{81822C7B-8CF3-4776-B347-4193F63B453B}.Release|Any CPU.ActiveCfg = Release|Any CPU
		{81822C7B-8CF3-4776-B347-4193F63B453B}.Release|Any CPU.Build.0 = Release|Any CPU
		{F822C803-C5DD-497A-95FD-B97E4B9FE9D4}.Debug|Any CPU.ActiveCfg = Debug|Any CPU
		{F822C803-C5DD-497A-95FD-B97E4B9FE9D4}.Debug|Any CPU.Build.0 = Debug|Any CPU
		{F822C803-C5DD-497A-95FD-B97E4B9FE9D4}.Release|Any CPU.ActiveCfg = Release|Any CPU
		{F822C803-C5DD-497A-95FD-B97E4B9FE9D4}.Release|Any CPU.Build.0 = Release|Any CPU
	EndGlobalSection
	GlobalSection(SolutionProperties) = preSolution
		HideSolutionNode = FALSE
	EndGlobalSection
	GlobalSection(ExtensibilityGlobals) = postSolution
		SolutionGuid = {0D38802D-8047-4A0D-9B1A-17E402EF8B4D}
	EndGlobalSection
EndGlobal
